
Microsoft Visual Studio Solution File, Format Version 12.00
# Visual Studio Version 16
VisualStudioVersion = 16.0.30611.23
MinimumVisualStudioVersion = 10.0.40219.1
Project("{9A19103F-16F7-4668-BE54-9A1E7A4F7556}") = "FileControlUtility", "FileControlUtility\FileControlUtility.csproj", "{0B155DFC-5BCB-4996-A381-14F476C26822}"
EndProject
Project("{FAE04EC0-301F-11D3-BF4B-00C04F79EFBC}") = "Test", "Test\Test.csproj", "{97B23F22-B710-4A67-B158-5918FC2FC3D7}"
	ProjectSection(ProjectDependencies) = postProject
		{0B155DFC-5BCB-4996-A381-14F476C26822} = {0B155DFC-5BCB-4996-A381-14F476C26822}
	EndProjectSection
EndProject
Global
	GlobalSection(SolutionConfigurationPlatforms) = preSolution
		Debug|Any CPU = Debug|Any CPU
		Release|Any CPU = Release|Any CPU
	EndGlobalSection
	GlobalSection(ProjectConfigurationPlatforms) = postSolution
		{0B155DFC-5BCB-4996-A381-14F476C26822}.Debug|Any CPU.ActiveCfg = Debug|Any CPU
		{0B155DFC-5BCB-4996-A381-14F476C26822}.Debug|Any CPU.Build.0 = Debug|Any CPU
		{0B155DFC-5BCB-4996-A381-14F476C26822}.Release|Any CPU.ActiveCfg = Release|Any CPU
		{0B155DFC-5BCB-4996-A381-14F476C26822}.Release|Any CPU.Build.0 = Release|Any CPU
		{97B23F22-B710-4A67-B158-5918FC2FC3D7}.Debug|Any CPU.ActiveCfg = Debug|Any CPU
		{97B23F22-B710-4A67-B158-5918FC2FC3D7}.Debug|Any CPU.Build.0 = Debug|Any CPU
		{97B23F22-B710-4A67-B158-5918FC2FC3D7}.Release|Any CPU.ActiveCfg = Release|Any CPU
		{97B23F22-B710-4A67-B158-5918FC2FC3D7}.Release|Any CPU.Build.0 = Release|Any CPU
	EndGlobalSection
	GlobalSection(SolutionProperties) = preSolution
		HideSolutionNode = FALSE
	EndGlobalSection
	GlobalSection(ExtensibilityGlobals) = postSolution
		SolutionGuid = {597F298B-E4FF-48E9-A352-B00A7FFFCBED}
	EndGlobalSection
EndGlobal
